<Solution>
  <Folder Name="/Samples/">
    <Project Path="samples/AppEngine.Sample/AppEngine.Sample.csproj" Id="ae59d101-dd17-40d1-9aef-7fb42bb858de" />
  </Folder>
  <Folder Name="/Solution Items/">
    <File Path=".editorconfig" />
    <File Path=".gitignore" />
    <File Path="LibraryTools.png" />
    <File Path="LICENSE" />
    <File Path="README.md" />
    <File Path="src/Directory.Build.props" />
  </Folder>
  <Project Path="src/AppEngine.Caching/AppEngine.Caching.csproj" Id="fa2c4ce9-b9ba-4e17-8865-5b20ad1e6876" />
  <Project Path="src/AppEngine.Tools/AppEngine.Tools.csproj" Id="4ac3f771-7d07-48a8-a214-ba39131b6145" />
  <Project Path="src/AppEngine.Validations/AppEngine.Validations.csproj" Id="438ae241-2c89-4560-977d-e412ffe03d68" />
  <Project Path="src/AppEngine/AppEngine.csproj" Id="e88d11a8-0450-4042-ac47-55588ec249ab" />
</Solution>
